
Microsoft Visual Studio Solution File, Format Version 12.00
# Visual Studio 15
VisualStudioVersion = 15.0.26730.10
MinimumVisualStudioVersion = 10.0.40219.1
Project("{FAE04EC0-301F-11D3-BF4B-00C04F79EFBC}") = "SimpleBudgetMvvmCross.Android", "SimpleBudgetMvvmCross\SimpleBudgetMvvmCross.Android\SimpleBudgetMvvmCross.Android.csproj", "{426A44C4-4032-42C0-BDB4-A04D353E779F}"
EndProject
Project("{FAE04EC0-301F-11D3-BF4B-00C04F79EFBC}") = "SimpleBudgetMvvmCross.Core", "SimpleBudgetMvvmCross\SimpleBudgetMvvmCross\SimpleBudgetMvvmCross.Core.csproj", "{E0E330B2-8809-4118-838E-BEE25CD652D1}"
EndProject
Project("{FAE04EC0-301F-11D3-BF4B-00C04F79EFBC}") = "SimpleBudgetMvvmCross.UWP", "SimpleBudgetMvvmCross\SimpleBudgetMvvmCross.UWP\SimpleBudgetMvvmCross.UWP.csproj", "{2210A160-0770-4252-A8A7-37BC283D63EB}"
EndProject
Project("{FAE04EC0-301F-11D3-BF4B-00C04F79EFBC}") = "SimpleBudgetMvvmCross.iOS", "SimpleBudgetMvvmCross\SimpleBudgetMvvmCross.iOS\SimpleBudgetMvvmCross.iOS.csproj", "{9BF3DC19-F3AB-4BA1-B9A3-532326E441CD}"
EndProject
Global
	GlobalSection(SolutionConfigurationPlatforms) = preSolution
		Ad-Hoc|Any CPU = Ad-Hoc|Any CPU
		Ad-Hoc|ARM = Ad-Hoc|ARM
		Ad-Hoc|iPhone = Ad-Hoc|iPhone
		Ad-Hoc|iPhoneSimulator = Ad-Hoc|iPhoneSimulator
		Ad-Hoc|x64 = Ad-Hoc|x64
		Ad-Hoc|x86 = Ad-Hoc|x86
		AppStore|Any CPU = AppStore|Any CPU
		AppStore|ARM = AppStore|ARM
		AppStore|iPhone = AppStore|iPhone
		AppStore|iPhoneSimulator = AppStore|iPhoneSimulator
		AppStore|x64 = AppStore|x64
		AppStore|x86 = AppStore|x86
		Debug|Any CPU = Debug|Any CPU
		Debug|ARM = Debug|ARM
		Debug|iPhone = Debug|iPhone
		Debug|iPhoneSimulator = Debug|iPhoneSimulator
		Debug|x64 = Debug|x64
		Debug|x86 = Debug|x86
		Release|Any CPU = Release|Any CPU
		Release|ARM = Release|ARM
		Release|iPhone = Release|iPhone
		Release|iPhoneSimulator = Release|iPhoneSimulator
		Release|x64 = Release|x64
		Release|x86 = Release|x86
	EndGlobalSection
	GlobalSection(ProjectConfigurationPlatforms) = postSolution
		{426A44C4-4032-42C0-BDB4-A04D353E779F}.Ad-Hoc|Any CPU.ActiveCfg = Release|Any CPU
		{426A44C4-4032-42C0-BDB4-A04D353E779F}.Ad-Hoc|Any CPU.Build.0 = Release|Any CPU
		{426A44C4-4032-42C0-BDB4-A04D353E779F}.Ad-Hoc|Any CPU.Deploy.0 = Release|Any CPU
		{426A44C4-4032-42C0-BDB4-A04D353E779F}.Ad-Hoc|ARM.ActiveCfg = Release|Any CPU
		{426A44C4-4032-42C0-BDB4-A04D353E779F}.Ad-Hoc|ARM.Build.0 = Release|Any CPU
		{426A44C4-4032-42C0-BDB4-A04D353E779F}.Ad-Hoc|ARM.Deploy.0 = Release|Any CPU
		{426A44C4-4032-42C0-BDB4-A04D353E779F}.Ad-Hoc|iPhone.ActiveCfg = Release|Any CPU
		{426A44C4-4032-42C0-BDB4-A04D353E779F}.Ad-Hoc|iPhone.Build.0 = Release|Any CPU
		{426A44C4-4032-42C0-BDB4-A04D353E779F}.Ad-Hoc|iPhone.Deploy.0 = Release|Any CPU
		{426A44C4-4032-42C0-BDB4-A04D353E779F}.Ad-Hoc|iPhoneSimulator.ActiveCfg = Release|Any CPU
		{426A44C4-4032-42C0-BDB4-A04D353E779F}.Ad-Hoc|iPhoneSimulator.Build.0 = Release|Any CPU
		{426A44C4-4032-42C0-BDB4-A04D353E779F}.Ad-Hoc|iPhoneSimulator.Deploy.0 = Release|Any CPU
		{426A44C4-4032-42C0-BDB4-A04D353E779F}.Ad-Hoc|x64.ActiveCfg = Release|Any CPU
		{426A44C4-4032-42C0-BDB4-A04D353E779F}.Ad-Hoc|x64.Build.0 = Release|Any CPU
		{426A44C4-4032-42C0-BDB4-A04D353E779F}.Ad-Hoc|x64.Deploy.0 = Release|Any CPU
		{426A44C4-4032-42C0-BDB4-A04D353E779F}.Ad-Hoc|x86.ActiveCfg = Release|Any CPU
		{426A44C4-4032-42C0-BDB4-A04D353E779F}.Ad-Hoc|x86.Build.0 = Release|Any CPU
		{426A44C4-4032-42C0-BDB4-A04D353E779F}.Ad-Hoc|x86.Deploy.0 = Release|Any CPU
		{426A44C4-4032-42C0-BDB4-A04D353E779F}.AppStore|Any CPU.ActiveCfg = Release|Any CPU
		{426A44C4-4032-42C0-BDB4-A04D353E779F}.AppStore|Any CPU.Build.0 = Release|Any CPU
		{426A44C4-4032-42C0-BDB4-A04D353E779F}.AppStore|Any CPU.Deploy.0 = Release|Any CPU
		{426A44C4-4032-42C0-BDB4-A04D353E779F}.AppStore|ARM.ActiveCfg = Release|Any CPU
		{426A44C4-4032-42C0-BDB4-A04D353E779F}.AppStore|ARM.Build.0 = Release|Any CPU
		{426A44C4-4032-42C0-BDB4-A04D353E779F}.AppStore|ARM.Deploy.0 = Release|Any CPU
		{426A44C4-4032-42C0-BDB4-A04D353E779F}.AppStore|iPhone.ActiveCfg = Release|Any CPU
		{426A44C4-4032-42C0-BDB4-A04D353E779F}.AppStore|iPhone.Build.0 = Release|Any CPU
		{426A44C4-4032-42C0-BDB4-A04D353E779F}.AppStore|iPhone.Deploy.0 = Release|Any CPU
		{426A44C4-4032-42C0-BDB4-A04D353E779F}.AppStore|iPhoneSimulator.ActiveCfg = Release|Any CPU
		{426A44C4-4032-42C0-BDB4-A04D353E779F}.AppStore|iPhoneSimulator.Build.0 = Release|Any CPU
		{426A44C4-4032-42C0-BDB4-A04D353E779F}.AppStore|iPhoneSimulator.Deploy.0 = Release|Any CPU
		{426A44C4-4032-42C0-BDB4-A04D353E779F}.AppStore|x64.ActiveCfg = Release|Any CPU
		{426A44C4-4032-42C0-BDB4-A04D353E779F}.AppStore|x64.Build.0 = Release|Any CPU
		{426A44C4-4032-42C0-BDB4-A04D353E779F}.AppStore|x64.Deploy.0 = Release|Any CPU
		{426A44C4-4032-42C0-BDB4-A04D353E779F}.AppStore|x86.ActiveCfg = Release|Any CPU
		{426A44C4-4032-42C0-BDB4-A04D353E779F}.AppStore|x86.Build.0 = Release|Any CPU
		{426A44C4-4032-42C0-BDB4-A04D353E779F}.AppStore|x86.Deploy.0 = Release|Any CPU
		{426A44C4-4032-42C0-BDB4-A04D353E779F}.Debug|Any CPU.ActiveCfg = Debug|Any CPU
		{426A44C4-4032-42C0-BDB4-A04D353E779F}.Debug|Any CPU.Build.0 = Debug|Any CPU
		{426A44C4-4032-42C0-BDB4-A04D353E779F}.Debug|Any CPU.Deploy.0 = Debug|Any CPU
		{426A44C4-4032-42C0-BDB4-A04D353E779F}.Debug|ARM.ActiveCfg = Debug|Any CPU
		{426A44C4-4032-42C0-BDB4-A04D353E779F}.Debug|ARM.Build.0 = Debug|Any CPU
		{426A44C4-4032-42C0-BDB4-A04D353E779F}.Debug|ARM.Deploy.0 = Debug|Any CPU
		{426A44C4-4032-42C0-BDB4-A04D353E779F}.Debug|iPhone.ActiveCfg = Debug|Any CPU
		{426A44C4-4032-42C0-BDB4-A04D353E779F}.Debug|iPhone.Build.0 = Debug|Any CPU
		{426A44C4-4032-42C0-BDB4-A04D353E779F}.Debug|iPhone.Deploy.0 = Debug|Any CPU
		{426A44C4-4032-42C0-BDB4-A04D353E779F}.Debug|iPhoneSimulator.ActiveCfg = Debug|Any CPU
		{426A44C4-4032-42C0-BDB4-A04D353E779F}.Debug|iPhoneSimulator.Build.0 = Debug|Any CPU
		{426A44C4-4032-42C0-BDB4-A04D353E779F}.Debug|iPhoneSimulator.Deploy.0 = Debug|Any CPU
		{426A44C4-4032-42C0-BDB4-A04D353E779F}.Debug|x64.ActiveCfg = Debug|Any CPU
		{426A44C4-4032-42C0-BDB4-A04D353E779F}.Debug|x64.Build.0 = Debug|Any CPU
		{426A44C4-4032-42C0-BDB4-A04D353E779F}.Debug|x64.Deploy.0 = Debug|Any CPU
		{426A44C4-4032-42C0-BDB4-A04D353E779F}.Debug|x86.ActiveCfg = Debug|Any CPU
		{426A44C4-4032-42C0-BDB4-A04D353E779F}.Debug|x86.Build.0 = Debug|Any CPU
		{426A44C4-4032-42C0-BDB4-A04D353E779F}.Debug|x86.Deploy.0 = Debug|Any CPU
		{426A44C4-4032-42C0-BDB4-A04D353E779F}.Release|Any CPU.ActiveCfg = Release|Any CPU
		{426A44C4-4032-42C0-BDB4-A04D353E779F}.Release|Any CPU.Build.0 = Release|Any CPU
		{426A44C4-4032-42C0-BDB4-A04D353E779F}.Release|Any CPU.Deploy.0 = Release|Any CPU
		{426A44C4-4032-42C0-BDB4-A04D353E779F}.Release|ARM.ActiveCfg = Release|Any CPU
		{426A44C4-4032-42C0-BDB4-A04D353E779F}.Release|ARM.Build.0 = Release|Any CPU
		{426A44C4-4032-42C0-BDB4-A04D353E779F}.Release|ARM.Deploy.0 = Release|Any CPU
		{426A44C4-4032-42C0-BDB4-A04D353E779F}.Release|iPhone.ActiveCfg = Release|Any CPU
		{426A44C4-4032-42C0-BDB4-A04D353E779F}.Release|iPhone.Build.0 = Release|Any CPU
		{426A44C4-4032-42C0-BDB4-A04D353E779F}.Release|iPhone.Deploy.0 = Release|Any CPU
		{426A44C4-4032-42C0-BDB4-A04D353E779F}.Release|iPhoneSimulator.ActiveCfg = Release|Any CPU
		{426A44C4-4032-42C0-BDB4-A04D353E779F}.Release|iPhoneSimulator.Build.0 = Release|Any CPU
		{426A44C4-4032-42C0-BDB4-A04D353E779F}.Release|iPhoneSimulator.Deploy.0 = Release|Any CPU
		{426A44C4-4032-42C0-BDB4-A04D353E779F}.Release|x64.ActiveCfg = Release|Any CPU
		{426A44C4-4032-42C0-BDB4-A04D353E779F}.Release|x64.Build.0 = Release|Any CPU
		{426A44C4-4032-42C0-BDB4-A04D353E779F}.Release|x64.Deploy.0 = Release|Any CPU
		{426A44C4-4032-42C0-BDB4-A04D353E779F}.Release|x86.ActiveCfg = Release|Any CPU
		{426A44C4-4032-42C0-BDB4-A04D353E779F}.Release|x86.Build.0 = Release|Any CPU
		{426A44C4-4032-42C0-BDB4-A04D353E779F}.Release|x86.Deploy.0 = Release|Any CPU
		{E0E330B2-8809-4118-838E-BEE25CD652D1}.Ad-Hoc|Any CPU.ActiveCfg = Release|Any CPU
		{E0E330B2-8809-4118-838E-BEE25CD652D1}.Ad-Hoc|Any CPU.Build.0 = Release|Any CPU
		{E0E330B2-8809-4118-838E-BEE25CD652D1}.Ad-Hoc|ARM.ActiveCfg = Release|Any CPU
		{E0E330B2-8809-4118-838E-BEE25CD652D1}.Ad-Hoc|ARM.Build.0 = Release|Any CPU
		{E0E330B2-8809-4118-838E-BEE25CD652D1}.Ad-Hoc|iPhone.ActiveCfg = Release|Any CPU
		{E0E330B2-8809-4118-838E-BEE25CD652D1}.Ad-Hoc|iPhone.Build.0 = Release|Any CPU
		{E0E330B2-8809-4118-838E-BEE25CD652D1}.Ad-Hoc|iPhoneSimulator.ActiveCfg = Release|Any CPU
		{E0E330B2-8809-4118-838E-BEE25CD652D1}.Ad-Hoc|iPhoneSimulator.Build.0 = Release|Any CPU
		{E0E330B2-8809-4118-838E-BEE25CD652D1}.Ad-Hoc|x64.ActiveCfg = Release|Any CPU
		{E0E330B2-8809-4118-838E-BEE25CD652D1}.Ad-Hoc|x64.Build.0 = Release|Any CPU
		{E0E330B2-8809-4118-838E-BEE25CD652D1}.Ad-Hoc|x86.ActiveCfg = Release|Any CPU
		{E0E330B2-8809-4118-838E-BEE25CD652D1}.Ad-Hoc|x86.Build.0 = Release|Any CPU
		{E0E330B2-8809-4118-838E-BEE25CD652D1}.AppStore|Any CPU.ActiveCfg = Release|Any CPU
		{E0E330B2-8809-4118-838E-BEE25CD652D1}.AppStore|Any CPU.Build.0 = Release|Any CPU
		{E0E330B2-8809-4118-838E-BEE25CD652D1}.AppStore|ARM.ActiveCfg = Release|Any CPU
		{E0E330B2-8809-4118-838E-BEE25CD652D1}.AppStore|ARM.Build.0 = Release|Any CPU
		{E0E330B2-8809-4118-838E-BEE25CD652D1}.AppStore|iPhone.ActiveCfg = Release|Any CPU
		{E0E330B2-8809-4118-838E-BEE25CD652D1}.AppStore|iPhone.Build.0 = Release|Any CPU
		{E0E330B2-8809-4118-838E-BEE25CD652D1}.AppStore|iPhoneSimulator.ActiveCfg = Release|Any CPU
		{E0E330B2-8809-4118-838E-BEE25CD652D1}.AppStore|iPhoneSimulator.Build.0 = Release|Any CPU
		{E0E330B2-8809-4118-838E-BEE25CD652D1}.AppStore|x64.ActiveCfg = Release|Any CPU
		{E0E330B2-8809-4118-838E-BEE25CD652D1}.AppStore|x64.Build.0 = Release|Any CPU
		{E0E330B2-8809-4118-838E-BEE25CD652D1}.AppStore|x86.ActiveCfg = Release|Any CPU
		{E0E330B2-8809-4118-838E-BEE25CD652D1}.AppStore|x86.Build.0 = Release|Any CPU
		{E0E330B2-8809-4118-838E-BEE25CD652D1}.Debug|Any CPU.ActiveCfg = Debug|Any CPU
		{E0E330B2-8809-4118-838E-BEE25CD652D1}.Debug|Any CPU.Build.0 = Debug|Any CPU
		{E0E330B2-8809-4118-838E-BEE25CD652D1}.Debug|ARM.ActiveCfg = Debug|Any CPU
		{E0E330B2-8809-4118-838E-BEE25CD652D1}.Debug|ARM.Build.0 = Debug|Any CPU
		{E0E330B2-8809-4118-838E-BEE25CD652D1}.Debug|iPhone.ActiveCfg = Debug|Any CPU
		{E0E330B2-8809-4118-838E-BEE25CD652D1}.Debug|iPhone.Build.0 = Debug|Any CPU
		{E0E330B2-8809-4118-838E-BEE25CD652D1}.Debug|iPhoneSimulator.ActiveCfg = Debug|Any CPU
		{E0E330B2-8809-4118-838E-BEE25CD652D1}.Debug|iPhoneSimulator.Build.0 = Debug|Any CPU
		{E0E330B2-8809-4118-838E-BEE25CD652D1}.Debug|x64.ActiveCfg = Debug|Any CPU
		{E0E330B2-8809-4118-838E-BEE25CD652D1}.Debug|x64.Build.0 = Debug|Any CPU
		{E0E330B2-8809-4118-838E-BEE25CD652D1}.Debug|x86.ActiveCfg = Debug|Any CPU
		{E0E330B2-8809-4118-838E-BEE25CD652D1}.Debug|x86.Build.0 = Debug|Any CPU
		{E0E330B2-8809-4118-838E-BEE25CD652D1}.Release|Any CPU.ActiveCfg = Release|Any CPU
		{E0E330B2-8809-4118-838E-BEE25CD652D1}.Release|Any CPU.Build.0 = Release|Any CPU
		{E0E330B2-8809-4118-838E-BEE25CD652D1}.Release|ARM.ActiveCfg = Release|Any CPU
		{E0E330B2-8809-4118-838E-BEE25CD652D1}.Release|ARM.Build.0 = Release|Any CPU
		{E0E330B2-8809-4118-838E-BEE25CD652D1}.Release|iPhone.ActiveCfg = Release|Any CPU
		{E0E330B2-8809-4118-838E-BEE25CD652D1}.Release|iPhone.Build.0 = Release|Any CPU
		{E0E330B2-8809-4118-838E-BEE25CD652D1}.Release|iPhoneSimulator.ActiveCfg = Release|Any CPU
		{E0E330B2-8809-4118-838E-BEE25CD652D1}.Release|iPhoneSimulator.Build.0 = Release|Any CPU
		{E0E330B2-8809-4118-838E-BEE25CD652D1}.Release|x64.ActiveCfg = Release|Any CPU
		{E0E330B2-8809-4118-838E-BEE25CD652D1}.Release|x64.Build.0 = Release|Any CPU
		{E0E330B2-8809-4118-838E-BEE25CD652D1}.Release|x86.ActiveCfg = Release|Any CPU
		{E0E330B2-8809-4118-838E-BEE25CD652D1}.Release|x86.Build.0 = Release|Any CPU
		{2210A160-0770-4252-A8A7-37BC283D63EB}.Ad-Hoc|Any CPU.ActiveCfg = Release|x86
		{2210A160-0770-4252-A8A7-37BC283D63EB}.Ad-Hoc|Any CPU.Build.0 = Release|x86
		{2210A160-0770-4252-A8A7-37BC283D63EB}.Ad-Hoc|Any CPU.Deploy.0 = Release|x86
		{2210A160-0770-4252-A8A7-37BC283D63EB}.Ad-Hoc|ARM.ActiveCfg = Release|ARM
		{2210A160-0770-4252-A8A7-37BC283D63EB}.Ad-Hoc|ARM.Build.0 = Release|ARM
		{2210A160-0770-4252-A8A7-37BC283D63EB}.Ad-Hoc|ARM.Deploy.0 = Release|ARM
		{2210A160-0770-4252-A8A7-37BC283D63EB}.Ad-Hoc|iPhone.ActiveCfg = Release|x86
		{2210A160-0770-4252-A8A7-37BC283D63EB}.Ad-Hoc|iPhone.Build.0 = Release|x86
		{2210A160-0770-4252-A8A7-37BC283D63EB}.Ad-Hoc|iPhone.Deploy.0 = Release|x86
		{2210A160-0770-4252-A8A7-37BC283D63EB}.Ad-Hoc|iPhoneSimulator.ActiveCfg = Release|x86
		{2210A160-0770-4252-A8A7-37BC283D63EB}.Ad-Hoc|iPhoneSimulator.Build.0 = Release|x86
		{2210A160-0770-4252-A8A7-37BC283D63EB}.Ad-Hoc|iPhoneSimulator.Deploy.0 = Release|x86
		{2210A160-0770-4252-A8A7-37BC283D63EB}.Ad-Hoc|x64.ActiveCfg = Release|x64
		{2210A160-0770-4252-A8A7-37BC283D63EB}.Ad-Hoc|x64.Build.0 = Release|x64
		{2210A160-0770-4252-A8A7-37BC283D63EB}.Ad-Hoc|x64.Deploy.0 = Release|x64
		{2210A160-0770-4252-A8A7-37BC283D63EB}.Ad-Hoc|x86.ActiveCfg = Release|x86
		{2210A160-0770-4252-A8A7-37BC283D63EB}.Ad-Hoc|x86.Build.0 = Release|x86
		{2210A160-0770-4252-A8A7-37BC283D63EB}.Ad-Hoc|x86.Deploy.0 = Release|x86
		{2210A160-0770-4252-A8A7-37BC283D63EB}.AppStore|Any CPU.ActiveCfg = Release|x86
		{2210A160-0770-4252-A8A7-37BC283D63EB}.AppStore|Any CPU.Build.0 = Release|x86
		{2210A160-0770-4252-A8A7-37BC283D63EB}.AppStore|Any CPU.Deploy.0 = Release|x86
		{2210A160-0770-4252-A8A7-37BC283D63EB}.AppStore|ARM.ActiveCfg = Release|ARM
		{2210A160-0770-4252-A8A7-37BC283D63EB}.AppStore|ARM.Build.0 = Release|ARM
		{2210A160-0770-4252-A8A7-37BC283D63EB}.AppStore|ARM.Deploy.0 = Release|ARM
		{2210A160-0770-4252-A8A7-37BC283D63EB}.AppStore|iPhone.ActiveCfg = Release|x86
		{2210A160-0770-4252-A8A7-37BC283D63EB}.AppStore|iPhone.Build.0 = Release|x86
		{2210A160-0770-4252-A8A7-37BC283D63EB}.AppStore|iPhone.Deploy.0 = Release|x86
		{2210A160-0770-4252-A8A7-37BC283D63EB}.AppStore|iPhoneSimulator.ActiveCfg = Release|x86
		{2210A160-0770-4252-A8A7-37BC283D63EB}.AppStore|iPhoneSimulator.Build.0 = Release|x86
		{2210A160-0770-4252-A8A7-37BC283D63EB}.AppStore|iPhoneSimulator.Deploy.0 = Release|x86
		{2210A160-0770-4252-A8A7-37BC283D63EB}.AppStore|x64.ActiveCfg = Release|x64
		{2210A160-0770-4252-A8A7-37BC283D63EB}.AppStore|x64.Build.0 = Release|x64
		{2210A160-0770-4252-A8A7-37BC283D63EB}.AppStore|x64.Deploy.0 = Release|x64
		{2210A160-0770-4252-A8A7-37BC283D63EB}.AppStore|x86.ActiveCfg = Release|x86
		{2210A160-0770-4252-A8A7-37BC283D63EB}.AppStore|x86.Build.0 = Release|x86
		{2210A160-0770-4252-A8A7-37BC283D63EB}.AppStore|x86.Deploy.0 = Release|x86
		{2210A160-0770-4252-A8A7-37BC283D63EB}.Debug|Any CPU.ActiveCfg = Debug|x86
		{2210A160-0770-4252-A8A7-37BC283D63EB}.Debug|Any CPU.Build.0 = Debug|x86
		{2210A160-0770-4252-A8A7-37BC283D63EB}.Debug|Any CPU.Deploy.0 = Debug|x86
		{2210A160-0770-4252-A8A7-37BC283D63EB}.Debug|ARM.ActiveCfg = Debug|ARM
		{2210A160-0770-4252-A8A7-37BC283D63EB}.Debug|ARM.Build.0 = Debug|ARM
		{2210A160-0770-4252-A8A7-37BC283D63EB}.Debug|ARM.Deploy.0 = Debug|ARM
		{2210A160-0770-4252-A8A7-37BC283D63EB}.Debug|iPhone.ActiveCfg = Debug|x86
		{2210A160-0770-4252-A8A7-37BC283D63EB}.Debug|iPhoneSimulator.ActiveCfg = Debug|x86
		{2210A160-0770-4252-A8A7-37BC283D63EB}.Debug|x64.ActiveCfg = Debug|x64
		{2210A160-0770-4252-A8A7-37BC283D63EB}.Debug|x64.Build.0 = Debug|x64
		{2210A160-0770-4252-A8A7-37BC283D63EB}.Debug|x64.Deploy.0 = Debug|x64
		{2210A160-0770-4252-A8A7-37BC283D63EB}.Debug|x86.ActiveCfg = Debug|x86
		{2210A160-0770-4252-A8A7-37BC283D63EB}.Debug|x86.Build.0 = Debug|x86
		{2210A160-0770-4252-A8A7-37BC283D63EB}.Debug|x86.Deploy.0 = Debug|x86
		{2210A160-0770-4252-A8A7-37BC283D63EB}.Release|Any CPU.ActiveCfg = Release|x86
		{2210A160-0770-4252-A8A7-37BC283D63EB}.Release|ARM.ActiveCfg = Release|ARM
		{2210A160-0770-4252-A8A7-37BC283D63EB}.Release|ARM.Build.0 = Release|ARM
		{2210A160-0770-4252-A8A7-37BC283D63EB}.Release|ARM.Deploy.0 = Release|ARM
		{2210A160-0770-4252-A8A7-37BC283D63EB}.Release|iPhone.ActiveCfg = Release|x86
		{2210A160-0770-4252-A8A7-37BC283D63EB}.Release|iPhoneSimulator.ActiveCfg = Release|x86
		{2210A160-0770-4252-A8A7-37BC283D63EB}.Release|x64.ActiveCfg = Release|x64
		{2210A160-0770-4252-A8A7-37BC283D63EB}.Release|x64.Build.0 = Release|x64
		{2210A160-0770-4252-A8A7-37BC283D63EB}.Release|x64.Deploy.0 = Release|x64
		{2210A160-0770-4252-A8A7-37BC283D63EB}.Release|x86.ActiveCfg = Release|x86
		{2210A160-0770-4252-A8A7-37BC283D63EB}.Release|x86.Build.0 = Release|x86
		{2210A160-0770-4252-A8A7-37BC283D63EB}.Release|x86.Deploy.0 = Release|x86
		{9BF3DC19-F3AB-4BA1-B9A3-532326E441CD}.Ad-Hoc|Any CPU.ActiveCfg = Ad-Hoc|iPhone
		{9BF3DC19-F3AB-4BA1-B9A3-532326E441CD}.Ad-Hoc|ARM.ActiveCfg = Ad-Hoc|iPhone
		{9BF3DC19-F3AB-4BA1-B9A3-532326E441CD}.Ad-Hoc|iPhone.ActiveCfg = Ad-Hoc|iPhone
		{9BF3DC19-F3AB-4BA1-B9A3-532326E441CD}.Ad-Hoc|iPhone.Build.0 = Ad-Hoc|iPhone
		{9BF3DC19-F3AB-4BA1-B9A3-532326E441CD}.Ad-Hoc|iPhoneSimulator.ActiveCfg = Ad-Hoc|iPhoneSimulator
		{9BF3DC19-F3AB-4BA1-B9A3-532326E441CD}.Ad-Hoc|iPhoneSimulator.Build.0 = Ad-Hoc|iPhoneSimulator
		{9BF3DC19-F3AB-4BA1-B9A3-532326E441CD}.Ad-Hoc|x64.ActiveCfg = Ad-Hoc|iPhone
		{9BF3DC19-F3AB-4BA1-B9A3-532326E441CD}.Ad-Hoc|x86.ActiveCfg = Ad-Hoc|iPhone
		{9BF3DC19-F3AB-4BA1-B9A3-532326E441CD}.AppStore|Any CPU.ActiveCfg = AppStore|iPhone
		{9BF3DC19-F3AB-4BA1-B9A3-532326E441CD}.AppStore|ARM.ActiveCfg = AppStore|iPhone
		{9BF3DC19-F3AB-4BA1-B9A3-532326E441CD}.AppStore|iPhone.ActiveCfg = AppStore|iPhone
		{9BF3DC19-F3AB-4BA1-B9A3-532326E441CD}.AppStore|iPhone.Build.0 = AppStore|iPhone
		{9BF3DC19-F3AB-4BA1-B9A3-532326E441CD}.AppStore|iPhoneSimulator.ActiveCfg = AppStore|iPhoneSimulator
		{9BF3DC19-F3AB-4BA1-B9A3-532326E441CD}.AppStore|iPhoneSimulator.Build.0 = AppStore|iPhoneSimulator
		{9BF3DC19-F3AB-4BA1-B9A3-532326E441CD}.AppStore|x64.ActiveCfg = AppStore|iPhone
		{9BF3DC19-F3AB-4BA1-B9A3-532326E441CD}.AppStore|x86.ActiveCfg = AppStore|iPhone
		{9BF3DC19-F3AB-4BA1-B9A3-532326E441CD}.Debug|Any CPU.ActiveCfg = Debug|iPhone
		{9BF3DC19-F3AB-4BA1-B9A3-532326E441CD}.Debug|ARM.ActiveCfg = Debug|iPhone
		{9BF3DC19-F3AB-4BA1-B9A3-532326E441CD}.Debug|iPhone.ActiveCfg = Debug|iPhone
		{9BF3DC19-F3AB-4BA1-B9A3-532326E441CD}.Debug|iPhone.Build.0 = Debug|iPhone
		{9BF3DC19-F3AB-4BA1-B9A3-532326E441CD}.Debug|iPhoneSimulator.ActiveCfg = Debug|iPhoneSimulator
		{9BF3DC19-F3AB-4BA1-B9A3-532326E441CD}.Debug|iPhoneSimulator.Build.0 = Debug|iPhoneSimulator
		{9BF3DC19-F3AB-4BA1-B9A3-532326E441CD}.Debug|x64.ActiveCfg = Debug|iPhone
		{9BF3DC19-F3AB-4BA1-B9A3-532326E441CD}.Debug|x86.ActiveCfg = Debug|iPhone
		{9BF3DC19-F3AB-4BA1-B9A3-532326E441CD}.Release|Any CPU.ActiveCfg = Release|iPhone
		{9BF3DC19-F3AB-4BA1-B9A3-532326E441CD}.Release|ARM.ActiveCfg = Release|iPhone
		{9BF3DC19-F3AB-4BA1-B9A3-532326E441CD}.Release|iPhone.ActiveCfg = Release|iPhone
		{9BF3DC19-F3AB-4BA1-B9A3-532326E441CD}.Release|iPhone.Build.0 = Release|iPhone
		{9BF3DC19-F3AB-4BA1-B9A3-532326E441CD}.Release|iPhoneSimulator.ActiveCfg = Release|iPhoneSimulator
		{9BF3DC19-F3AB-4BA1-B9A3-532326E441CD}.Release|iPhoneSimulator.Build.0 = Release|iPhoneSimulator
		{9BF3DC19-F3AB-4BA1-B9A3-532326E441CD}.Release|x64.ActiveCfg = Release|iPhone
		{9BF3DC19-F3AB-4BA1-B9A3-532326E441CD}.Release|x86.ActiveCfg = Release|iPhone
	EndGlobalSection
	GlobalSection(SolutionProperties) = preSolution
		HideSolutionNode = FALSE
	EndGlobalSection
	GlobalSection(ExtensibilityGlobals) = postSolution
		SolutionGuid = {56336314-D3BF-4C80-9162-06653D6713E1}
	EndGlobalSection
EndGlobal
